
Microsoft Visual Studio Solution File, Format Version 12.00
# Visual Studio Version 17
VisualStudioVersion = 17.8.34525.116
MinimumVisualStudioVersion = 10.0.40219.1
Project("{FAE04EC0-301F-11D3-BF4B-00C04F79EFBC}") = "Workout.Domain", "Workout.Domain\Workout.Domain.csproj", "{D2DAEFF1-314D-4772-B54C-AB79A02E3497}"
EndProject
Project("{FAE04EC0-301F-11D3-BF4B-00C04F79EFBC}") = "Workout.Application", "Workout.Application\Workout.Application.csproj", "{3A7EEAB2-3B37-48A6-AF8C-FF940AB0661C}"
EndProject
Project("{FAE04EC0-301F-11D3-BF4B-00C04F79EFBC}") = "Workout.Infrastructure", "Workout.Infrastructure\Workout.Infrastructure.csproj", "{78950245-B8EB-4FFC-913F-2DECEDDFF191}"
EndProject
Project("{FAE04EC0-301F-11D3-BF4B-00C04F79EFBC}") = "WorkoutAPI", "WorkoutAPI\WorkoutAPI.csproj", "{7BA4B6E1-DCD0-400E-AA01-0C9A1A800138}"
EndProject
Global
	GlobalSection(SolutionConfigurationPlatforms) = preSolution
		Debug|Any CPU = Debug|Any CPU
		Release|Any CPU = Release|Any CPU
	EndGlobalSection
	GlobalSection(ProjectConfigurationPlatforms) = postSolution
		{D2DAEFF1-314D-4772-B54C-AB79A02E3497}.Debug|Any CPU.ActiveCfg = Debug|Any CPU
		{D2DAEFF1-314D-4772-B54C-AB79A02E3497}.Debug|Any CPU.Build.0 = Debug|Any CPU
		{D2DAEFF1-314D-4772-B54C-AB79A02E3497}.Release|Any CPU.ActiveCfg = Release|Any CPU
		{D2DAEFF1-314D-4772-B54C-AB79A02E3497}.Release|Any CPU.Build.0 = Release|Any CPU
		{3A7EEAB2-3B37-48A6-AF8C-FF940AB0661C}.Debug|Any CPU.ActiveCfg = Debug|Any CPU
		{3A7EEAB2-3B37-48A6-AF8C-FF940AB0661C}.Debug|Any CPU.Build.0 = Debug|Any CPU
		{3A7EEAB2-3B37-48A6-AF8C-FF940AB0661C}.Release|Any CPU.ActiveCfg = Release|Any CPU
		{3A7EEAB2-3B37-48A6-AF8C-FF940AB0661C}.Release|Any CPU.Build.0 = Release|Any CPU
		{78950245-B8EB-4FFC-913F-2DECEDDFF191}.Debug|Any CPU.ActiveCfg = Debug|Any CPU
		{78950245-B8EB-4FFC-913F-2DECEDDFF191}.Debug|Any CPU.Build.0 = Debug|Any CPU
		{78950245-B8EB-4FFC-913F-2DECEDDFF191}.Release|Any CPU.ActiveCfg = Release|Any CPU
		{78950245-B8EB-4FFC-913F-2DECEDDFF191}.Release|Any CPU.Build.0 = Release|Any CPU
		{7BA4B6E1-DCD0-400E-AA01-0C9A1A800138}.Debug|Any CPU.ActiveCfg = Debug|Any CPU
		{7BA4B6E1-DCD0-400E-AA01-0C9A1A800138}.Debug|Any CPU.Build.0 = Debug|Any CPU
		{7BA4B6E1-DCD0-400E-AA01-0C9A1A800138}.Release|Any CPU.ActiveCfg = Release|Any CPU
		{7BA4B6E1-DCD0-400E-AA01-0C9A1A800138}.Release|Any CPU.Build.0 = Release|Any CPU
	EndGlobalSection
	GlobalSection(SolutionProperties) = preSolution
		HideSolutionNode = FALSE
	EndGlobalSection
	GlobalSection(ExtensibilityGlobals) = postSolution
		SolutionGuid = {75ADB0B8-D5A0-4ED9-BEAA-18F8D991298D}
	EndGlobalSection
EndGlobal
